
Microsoft Visual Studio Solution File, Format Version 11.00
# Visual Studio 2010
Project("{FAE04EC0-301F-11D3-BF4B-00C04F79EFBC}") = "RebarLabel", "RebarLabel\RebarLabel.csproj", "{41CC1A1B-89CA-432B-8AAF-1217D0292BCD}"
EndProject
Global
	GlobalSection(SolutionConfigurationPlatforms) = preSolution
		Debug|Any CPU = Debug|Any CPU
		Release|Any CPU = Release|Any CPU
	EndGlobalSection
	GlobalSection(ProjectConfigurationPlatforms) = postSolution
		{41CC1A1B-89CA-432B-8AAF-1217D0292BCD}.Debug|Any CPU.ActiveCfg = Debug|Any CPU
		{41CC1A1B-89CA-432B-8AAF-1217D0292BCD}.Debug|Any CPU.Build.0 = Debug|Any CPU
		{41CC1A1B-89CA-432B-8AAF-1217D0292BCD}.Release|Any CPU.ActiveCfg = Release|Any CPU
		{41CC1A1B-89CA-432B-8AAF-1217D0292BCD}.Release|Any CPU.Build.0 = Release|Any CPU
	EndGlobalSection
	GlobalSection(SolutionProperties) = preSolution
		HideSolutionNode = FALSE
	EndGlobalSection
EndGlobal
